
Microsoft Visual Studio Solution File, Format Version 12.00
# Visual Studio 15
VisualStudioVersion = 15.0.28307.757
MinimumVisualStudioVersion = 10.0.40219.1
Project("{FAE04EC0-301F-11D3-BF4B-00C04F79EFBC}") = "Drink_Snack", "WindowsFormsApp2\Drink_Snack.csproj", "{A5385EBB-6C76-49D9-ACD9-477B68159ADC}"
EndProject
Global
	GlobalSection(SolutionConfigurationPlatforms) = preSolution
		Debug|Any CPU = Debug|Any CPU
		Release|Any CPU = Release|Any CPU
	EndGlobalSection
	GlobalSection(ProjectConfigurationPlatforms) = postSolution
		{A5385EBB-6C76-49D9-ACD9-477B68159ADC}.Debug|Any CPU.ActiveCfg = Debug|Any CPU
		{A5385EBB-6C76-49D9-ACD9-477B68159ADC}.Debug|Any CPU.Build.0 = Debug|Any CPU
		{A5385EBB-6C76-49D9-ACD9-477B68159ADC}.Release|Any CPU.ActiveCfg = Release|Any CPU
		{A5385EBB-6C76-49D9-ACD9-477B68159ADC}.Release|Any CPU.Build.0 = Release|Any CPU
	EndGlobalSection
	GlobalSection(SolutionProperties) = preSolution
		HideSolutionNode = FALSE
	EndGlobalSection
	GlobalSection(ExtensibilityGlobals) = postSolution
		SolutionGuid = {7096ED64-B46B-4E94-B0AC-A8F4895CD541}
	EndGlobalSection
EndGlobal
